{
  "name": "AASARA-AI-2",
  "lockfileVersion": 3,
  "requires": true,
  "packages": {
    "": {
      "dependencies": {
        "libphonenumber-js": "^1.12.41",
        "nodemailer": "^8.0.4"
      }
    },
    "node_modules/libphonenumber-js": {
      "version": "1.12.41",
      "resolved": "https://registry.npmjs.org/libphonenumber-js/-/libphonenumber-js-1.12.41.tgz",
      "integrity": "sha512-lsmMmGXBxXIK/VMLEj0kL6MtUs1kBGj1nTCzi6zgQoG1DEwqwt2DQyHxcLykceIxAnfE3hya7NuIh6PpC6S3fA==",
      "license": "MIT"
    },
    "node_modules/nodemailer": {
      "version": "8.0.4",
      "resolved": "https://registry.npmjs.org/nodemailer/-/nodemailer-8.0.4.tgz",
      "integrity": "sha512-k+jf6N8PfQJ0Fe8ZhJlgqU5qJU44Lpvp2yvidH3vp1lPnVQMgi4yEEMPXg5eJS1gFIJTVq1NHBk7Ia9ARdSBdQ==",
      "license": "MIT-0",
      "engines": {
        "node": ">=6.0.0"
      }
    }
  }
}
